
Microsoft Visual Studio Solution File, Format Version 12.00
# Visual Studio Version 16
VisualStudioVersion = 16.0.32106.194
MinimumVisualStudioVersion = 10.0.40219.1
Project("{FAE04EC0-301F-11D3-BF4B-00C04F79EFBC}") = "DAL.MyDbContext", "MyDbContext\DAL.MyDbContext.csproj", "{B116DE77-ADC1-4FEE-AC61-7C602F4DDAC0}"
EndProject
Project("{2150E333-8FDC-42A3-9474-1A3956D46DE8}") = "DAL", "DAL", "{38A22C8C-83FF-461A-9DF3-1E751913A6E5}"
EndProject
Project("{FAE04EC0-301F-11D3-BF4B-00C04F79EFBC}") = "DAL.Repositories", "DAL.Repositories\DAL.Repositories.csproj", "{109D838F-E11A-4F84-B96E-C3213468FECD}"
EndProject
Global
	GlobalSection(SolutionConfigurationPlatforms) = preSolution
		Debug|Any CPU = Debug|Any CPU
		Release|Any CPU = Release|Any CPU
	EndGlobalSection
	GlobalSection(ProjectConfigurationPlatforms) = postSolution
		{B116DE77-ADC1-4FEE-AC61-7C602F4DDAC0}.Debug|Any CPU.ActiveCfg = Debug|Any CPU
		{B116DE77-ADC1-4FEE-AC61-7C602F4DDAC0}.Debug|Any CPU.Build.0 = Debug|Any CPU
		{B116DE77-ADC1-4FEE-AC61-7C602F4DDAC0}.Release|Any CPU.ActiveCfg = Release|Any CPU
		{B116DE77-ADC1-4FEE-AC61-7C602F4DDAC0}.Release|Any CPU.Build.0 = Release|Any CPU
		{109D838F-E11A-4F84-B96E-C3213468FECD}.Debug|Any CPU.ActiveCfg = Debug|Any CPU
		{109D838F-E11A-4F84-B96E-C3213468FECD}.Debug|Any CPU.Build.0 = Debug|Any CPU
		{109D838F-E11A-4F84-B96E-C3213468FECD}.Release|Any CPU.ActiveCfg = Release|Any CPU
		{109D838F-E11A-4F84-B96E-C3213468FECD}.Release|Any CPU.Build.0 = Release|Any CPU
	EndGlobalSection
	GlobalSection(SolutionProperties) = preSolution
		HideSolutionNode = FALSE
	EndGlobalSection
	GlobalSection(NestedProjects) = preSolution
		{B116DE77-ADC1-4FEE-AC61-7C602F4DDAC0} = {38A22C8C-83FF-461A-9DF3-1E751913A6E5}
		{109D838F-E11A-4F84-B96E-C3213468FECD} = {38A22C8C-83FF-461A-9DF3-1E751913A6E5}
	EndGlobalSection
	GlobalSection(ExtensibilityGlobals) = postSolution
		SolutionGuid = {F8749085-C64E-4640-B003-36A6CD2CD771}
	EndGlobalSection
EndGlobal
